# THIS IS AN AUTOGENERATED FILE. DO NOT EDIT THIS FILE DIRECTLY.
# yarn lockfile v1


bluebird@^3.4.1:
  version "3.4.6"
  resolved "https://registry.yarnpkg.com/bluebird/-/bluebird-3.4.6.tgz#01da8d821d87813d158967e743d5fe6c62cf8c0f"

lodash@^4.13.1:
  version "4.17.2"
  resolved "https://registry.yarnpkg.com/lodash/-/lodash-4.17.2.tgz#34a3055babe04ce42467b607d700072c7ff6bf42"

request-promise-core@1.1.1:
  version "1.1.1"
  resolved "https://registry.yarnpkg.com/request-promise-core/-/request-promise-core-1.1.1.tgz#3eee00b2c5aa83239cfb04c5700da36f81cd08b6"
  dependencies:
    lodash "^4.13.1"

request-promise@^4.1.1:
  version "4.1.1"
  resolved "https://registry.yarnpkg.com/request-promise/-/request-promise-4.1.1.tgz#26021e4f6f56fd4c309f6bf1ebd8c97a95ac1fb5"
  dependencies:
    bluebird "^3.4.1"
    request-promise-core "1.1.1"
    stealthy-require "^1.0.0"

stealthy-require@^1.0.0:
  version "1.0.0"
  resolved "https://registry.yarnpkg.com/stealthy-require/-/stealthy-require-1.0.0.tgz#1a8ed8fc19a8b56268f76f5a1a3e3832b0c26200"
